
Microsoft Visual Studio Solution File, Format Version 12.00
# Visual Studio Version 17
VisualStudioVersion = 17.1.32210.238
MinimumVisualStudioVersion = 10.0.40219.1
Project("{FAE04EC0-301F-11D3-BF4B-00C04F79EFBC}") = "back-end", "back-end\back-end.csproj", "{B27B98A4-5290-4866-B751-2A8EBD2AFD0D}"
EndProject
Global
	GlobalSection(SolutionConfigurationPlatforms) = preSolution
		Debug|Any CPU = Debug|Any CPU
		Release|Any CPU = Release|Any CPU
	EndGlobalSection
	GlobalSection(ProjectConfigurationPlatforms) = postSolution
		{B27B98A4-5290-4866-B751-2A8EBD2AFD0D}.Debug|Any CPU.ActiveCfg = Debug|Any CPU
		{B27B98A4-5290-4866-B751-2A8EBD2AFD0D}.Debug|Any CPU.Build.0 = Debug|Any CPU
		{B27B98A4-5290-4866-B751-2A8EBD2AFD0D}.Release|Any CPU.ActiveCfg = Release|Any CPU
		{B27B98A4-5290-4866-B751-2A8EBD2AFD0D}.Release|Any CPU.Build.0 = Release|Any CPU
	EndGlobalSection
	GlobalSection(SolutionProperties) = preSolution
		HideSolutionNode = FALSE
	EndGlobalSection
	GlobalSection(ExtensibilityGlobals) = postSolution
		SolutionGuid = {E3F6B7D0-2CB2-4F3A-927C-AFFB5F18D1F9}
	EndGlobalSection
EndGlobal
